
Microsoft Visual Studio Solution File, Format Version 12.00
# Visual Studio Version 17
VisualStudioVersion = 17.4.33213.308
MinimumVisualStudioVersion = 10.0.40219.1
Project("{FAE04EC0-301F-11D3-BF4B-00C04F79EFBC}") = "Identity_Project", "Identity_Project\Identity_Project.csproj", "{46B466D2-9A52-4E92-8159-D40AAB59CB67}"
EndProject
Global
	GlobalSection(SolutionConfigurationPlatforms) = preSolution
		Debug|Any CPU = Debug|Any CPU
		Release|Any CPU = Release|Any CPU
	EndGlobalSection
	GlobalSection(ProjectConfigurationPlatforms) = postSolution
		{46B466D2-9A52-4E92-8159-D40AAB59CB67}.Debug|Any CPU.ActiveCfg = Debug|Any CPU
		{46B466D2-9A52-4E92-8159-D40AAB59CB67}.Debug|Any CPU.Build.0 = Debug|Any CPU
		{46B466D2-9A52-4E92-8159-D40AAB59CB67}.Release|Any CPU.ActiveCfg = Release|Any CPU
		{46B466D2-9A52-4E92-8159-D40AAB59CB67}.Release|Any CPU.Build.0 = Release|Any CPU
	EndGlobalSection
	GlobalSection(SolutionProperties) = preSolution
		HideSolutionNode = FALSE
	EndGlobalSection
	GlobalSection(ExtensibilityGlobals) = postSolution
		SolutionGuid = {E465DE79-0C27-4928-8E01-5822FCE53E5F}
	EndGlobalSection
EndGlobal
